// !$*UTF8*$!
{
	archiveVersion = 1;
	classes = {
	};
	objectVersion = 46;
	objects = {

/* Begin PBXBuildFile section */
		1F52D1D919B80B6E00380A4D /* main.cpp in Sources */ = {isa = PBXBuildFile; fileRef = 1F52D1D819B80B6E00380A4D /* main.cpp */; };
		1F591CFA19B7DEFC00FEEF4C /* main.cpp in Sources */ = {isa = PBXBuildFile; fileRef = 1F591CF919B7DEFC00FEEF4C /* main.cpp */; };
		1F591D3A19B7DFF600FEEF4C /* BLIT.cpp in Sources */ = {isa = PBXBuildFile; fileRef = 1F591D2C19B7DFF600FEEF4C /* BLIT.cpp */; };
		1F591D3B19B7DFF600FEEF4C /* BLITSaw.cpp in Sources */ = {isa = PBXBuildFile; fileRef = 1F591D2D19B7DFF600FEEF4C /* BLITSaw.cpp */; };
		1F591D3C19B7DFF600FEEF4C /* Buffer.cpp in Sources */ = {isa = PBXBuildFile; fileRef = 1F591D2E19B7DFF600FEEF4C /* Buffer.cpp */; };
		1F591D3D19B7DFF600FEEF4C /* FourierGenerator.cpp in Sources */ = {isa = PBXBuildFile; fileRef = 1F591D2F19B7DFF600FEEF4C /* FourierGenerator.cpp */; };
		1F591D3E19B7DFF600FEEF4C /* Driver.cpp in Sources */ = {isa = PBXBuildFile; fileRef = 1F591D3019B7DFF600FEEF4C /* Driver.cpp */; };
		1F591D3F19B7DFF600FEEF4C /* HarmonicTable.cpp in Sources */ = {isa = PBXBuildFile; fileRef = 1F591D3119B7DFF600FEEF4C /* HarmonicTable.cpp */; };
		1F591D4019B7DFF600FEEF4C /* RingBuffer.cpp in Sources */ = {isa = PBXBuildFile; fileRef = 1F591D3219B7DFF600FEEF4C /* RingBuffer.cpp */; };
		1F591D4119B7DFF600FEEF4C /* Sample_Rate.cpp in Sources */ = {isa = PBXBuildFile; fileRef = 1F591D3319B7DFF600FEEF4C /* Sample_Rate.cpp */; };
		1F591D4219B7DFF600FEEF4C /* Sample.cpp in Sources */ = {isa = PBXBuildFile; fileRef = 1F591D3419B7DFF600FEEF4C /* Sample.cpp */; };
		1F591D4319B7DFF600FEEF4C /* Saw.cpp in Sources */ = {isa = PBXBuildFile; fileRef = 1F591D3519B7DFF600FEEF4C /* Saw.cpp */; };
		1F591D4419B7DFF600FEEF4C /* SignalGenerator.cpp in Sources */ = {isa = PBXBuildFile; fileRef = 1F591D3619B7DFF600FEEF4C /* SignalGenerator.cpp */; };
		1F591D4519B7DFF600FEEF4C /* SignalProcess.cpp in Sources */ = {isa = PBXBuildFile; fileRef = 1F591D3719B7DFF600FEEF4C /* SignalProcess.cpp */; };
		1F591D4619B7DFF600FEEF4C /* Sine.cpp in Sources */ = {isa = PBXBuildFile; fileRef = 1F591D3819B7DFF600FEEF4C /* Sine.cpp */; };
		1F591D4719B7DFF600FEEF4C /* Taylor.cpp in Sources */ = {isa = PBXBuildFile; fileRef = 1F591D3919B7DFF600FEEF4C /* Taylor.cpp */; };
		1F591D4919B7E03E00FEEF4C /* libportaudio.dylib in Frameworks */ = {isa = PBXBuildFile; fileRef = 1F591D4819B7E03E00FEEF4C /* libportaudio.dylib */; };
		1F591D4A19B7E23800FEEF4C /* libDSG.dylib in Frameworks */ = {isa = PBXBuildFile; fileRef = 1F591CE119B7DEE000FEEF4C /* libDSG.dylib */; };
		1F591D4B19B7E23C00FEEF4C /* libDSG.dylib in Frameworks */ = {isa = PBXBuildFile; fileRef = 1F591CE119B7DEE000FEEF4C /* libDSG.dylib */; };
		1F591D6519B7E55600FEEF4C /* Backend.h in Headers */ = {isa = PBXBuildFile; fileRef = 1F591D5019B7E55600FEEF4C /* Backend.h */; settings = {ATTRIBUTES = (Public, ); }; };
		1F591D6619B7E55600FEEF4C /* BLIT.h in Headers */ = {isa = PBXBuildFile; fileRef = 1F591D5119B7E55600FEEF4C /* BLIT.h */; settings = {ATTRIBUTES = (Private, ); }; };
		1F591D6719B7E55600FEEF4C /* BLITSaw.h in Headers */ = {isa = PBXBuildFile; fileRef = 1F591D5219B7E55600FEEF4C /* BLITSaw.h */; settings = {ATTRIBUTES = (Private, ); }; };
		1F591D6819B7E55600FEEF4C /* Buffer.h in Headers */ = {isa = PBXBuildFile; fileRef = 1F591D5319B7E55600FEEF4C /* Buffer.h */; settings = {ATTRIBUTES = (Private, ); }; };
		1F591D6919B7E55600FEEF4C /* FourierGenerator.h in Headers */ = {isa = PBXBuildFile; fileRef = 1F591D5419B7E55600FEEF4C /* FourierGenerator.h */; settings = {ATTRIBUTES = (Private, ); }; };
		1F591D6A19B7E55600FEEF4C /* Driver.h in Headers */ = {isa = PBXBuildFile; fileRef = 1F591D5519B7E55600FEEF4C /* Driver.h */; settings = {ATTRIBUTES = (Private, ); }; };
		1F591D6B19B7E55600FEEF4C /* HarmonicTable.h in Headers */ = {isa = PBXBuildFile; fileRef = 1F591D5619B7E55600FEEF4C /* HarmonicTable.h */; settings = {ATTRIBUTES = (Private, ); }; };
		1F591D6C19B7E55600FEEF4C /* LUT.h in Headers */ = {isa = PBXBuildFile; fileRef = 1F591D5719B7E55600FEEF4C /* LUT.h */; settings = {ATTRIBUTES = (Private, ); }; };
		1F591D6D19B7E55600FEEF4C /* Oscillators.h in Headers */ = {isa = PBXBuildFile; fileRef = 1F591D5819B7E55600FEEF4C /* Oscillators.h */; settings = {ATTRIBUTES = (Private, ); }; };
		1F591D6E19B7E55600FEEF4C /* PI.h in Headers */ = {isa = PBXBuildFile; fileRef = 1F591D5919B7E55600FEEF4C /* PI.h */; settings = {ATTRIBUTES = (Private, ); }; };
		1F591D6F19B7E55600FEEF4C /* Queue.h in Headers */ = {isa = PBXBuildFile; fileRef = 1F591D5A19B7E55600FEEF4C /* Queue.h */; settings = {ATTRIBUTES = (Private, ); }; };
		1F591D7019B7E55600FEEF4C /* RingBuffer.h in Headers */ = {isa = PBXBuildFile; fileRef = 1F591D5B19B7E55600FEEF4C /* RingBuffer.h */; settings = {ATTRIBUTES = (Private, ); }; };
		1F591D7119B7E55600FEEF4C /* Sample_Rate.h in Headers */ = {isa = PBXBuildFile; fileRef = 1F591D5C19B7E55600FEEF4C /* Sample_Rate.h */; settings = {ATTRIBUTES = (Private, ); }; };
		1F591D7219B7E55600FEEF4C /* Sample.h in Headers */ = {isa = PBXBuildFile; fileRef = 1F591D5D19B7E55600FEEF4C /* Sample.h */; settings = {ATTRIBUTES = (Private, ); }; };
		1F591D7319B7E55600FEEF4C /* Saw.h in Headers */ = {isa = PBXBuildFile; fileRef = 1F591D5E19B7E55600FEEF4C /* Saw.h */; settings = {ATTRIBUTES = (Private, ); }; };
		1F591D7419B7E55600FEEF4C /* Signal.h in Headers */ = {isa = PBXBuildFile; fileRef = 1F591D5F19B7E55600FEEF4C /* Signal.h */; settings = {ATTRIBUTES = (Public, ); }; };
		1F591D7519B7E55600FEEF4C /* SignalGenerator.h in Headers */ = {isa = PBXBuildFile; fileRef = 1F591D6019B7E55600FEEF4C /* SignalGenerator.h */; settings = {ATTRIBUTES = (Private, ); }; };
		1F591D7619B7E55600FEEF4C /* SignalProcess.h in Headers */ = {isa = PBXBuildFile; fileRef = 1F591D6119B7E55600FEEF4C /* SignalProcess.h */; settings = {ATTRIBUTES = (Private, ); }; };
		1F591D7719B7E55600FEEF4C /* Sine.h in Headers */ = {isa = PBXBuildFile; fileRef = 1F591D6219B7E55600FEEF4C /* Sine.h */; settings = {ATTRIBUTES = (Private, ); }; };
		1F591D7819B7E55600FEEF4C /* SineLUT.h in Headers */ = {isa = PBXBuildFile; fileRef = 1F591D6319B7E55600FEEF4C /* SineLUT.h */; settings = {ATTRIBUTES = (Private, ); }; };
		1F591D7919B7E55600FEEF4C /* Taylor.h in Headers */ = {isa = PBXBuildFile; fileRef = 1F591D6419B7E55600FEEF4C /* Taylor.h */; settings = {ATTRIBUTES = (Private, ); }; };
		1F591D8219B7F75000FEEF4C /* minBLEP.cpp in Sources */ = {isa = PBXBuildFile; fileRef = 1F591D8019B7F75000FEEF4C /* minBLEP.cpp */; };
		1F591D8519B7F77A00FEEF4C /* minBLEP.h in Headers */ = {isa = PBXBuildFile; fileRef = 1F591D8419B7F77A00FEEF4C /* minBLEP.h */; settings = {ATTRIBUTES = (Private, ); }; };
		1F591D8719B7F7E700FEEF4C /* polyBLEP.h in Headers */ = {isa = PBXBuildFile; fileRef = 1F591D8619B7F7E700FEEF4C /* polyBLEP.h */; settings = {ATTRIBUTES = (Private, ); }; };
		1F591D8919B7F7FD00FEEF4C /* polyBLEP.cpp in Sources */ = {isa = PBXBuildFile; fileRef = 1F591D8819B7F7FD00FEEF4C /* polyBLEP.cpp */; };
		1F591D8B19B7F88100FEEF4C /* Square.h in Headers */ = {isa = PBXBuildFile; fileRef = 1F591D8A19B7F88100FEEF4C /* Square.h */; settings = {ATTRIBUTES = (Private, ); }; };
		1F591D8D19B7F89D00FEEF4C /* Square.cpp in Sources */ = {isa = PBXBuildFile; fileRef = 1F591D8C19B7F89D00FEEF4C /* Square.cpp */; };
		1F6EEE7119BAE245008215D2 /* Sin.h in Headers */ = {isa = PBXBuildFile; fileRef = 1F6EEE7019BAE245008215D2 /* Sin.h */; settings = {ATTRIBUTES = (Private, ); }; };
		1FDA1DE419B89CDF00151AA2 /* AnalogGenerator.cpp in Sources */ = {isa = PBXBuildFile; fileRef = 1FDA1DE319B89CDF00151AA2 /* AnalogGenerator.cpp */; };
		1FDA1DE619B89CFF00151AA2 /* AnalogGenerator.h in Headers */ = {isa = PBXBuildFile; fileRef = 1FDA1DE519B89CFF00151AA2 /* AnalogGenerator.h */; settings = {ATTRIBUTES = (Private, ); }; };
		1FDA1DE919B8A1F900151AA2 /* AnalogSaw.h in Headers */ = {isa = PBXBuildFile; fileRef = 1FDA1DE819B8A1F900151AA2 /* AnalogSaw.h */; settings = {ATTRIBUTES = (Private, ); }; };
		1FDA1DEB19B8A20D00151AA2 /* AnalogSquare.h in Headers */ = {isa = PBXBuildFile; fileRef = 1FDA1DEA19B8A20D00151AA2 /* AnalogSquare.h */; settings = {ATTRIBUTES = (Private, ); }; };
		1FDA1DED19B8A22100151AA2 /* AnalogSaw.cpp in Sources */ = {isa = PBXBuildFile; fileRef = 1FDA1DEC19B8A22100151AA2 /* AnalogSaw.cpp */; };
		1FDA1DEF19B8A23F00151AA2 /* AnalogSquare.cpp in Sources */ = {isa = PBXBuildFile; fileRef = 1FDA1DEE19B8A23F00151AA2 /* AnalogSquare.cpp */; };
		1FEB8BE619BEAC7000C32628 /* Triangle.cpp in Sources */ = {isa = PBXBuildFile; fileRef = 1FEB8BE519BEAC7000C32628 /* Triangle.cpp */; };
		1FEB8BE719BEB1FC00C32628 /* Triangle.h in Headers */ = {isa = PBXBuildFile; fileRef = 1FEB8BE419BEAC1500C32628 /* Triangle.h */; settings = {ATTRIBUTES = (Private, ); }; };
/* End PBXBuildFile section */

/* Begin PBXContainerItemProxy section */
		1F591D4C19B7E24100FEEF4C /* PBXContainerItemProxy */ = {
			isa = PBXContainerItemProxy;
			containerPortal = 1F591CD719B7DEAF00FEEF4C /* Project object */;
			proxyType = 1;
			remoteGlobalIDString = 1F591CE019B7DEE000FEEF4C;
			remoteInfo = DSG;
		};
		1F591D4E19B7E24500FEEF4C /* PBXContainerItemProxy */ = {
			isa = PBXContainerItemProxy;
			containerPortal = 1F591CD719B7DEAF00FEEF4C /* Project object */;
			proxyType = 1;
			remoteGlobalIDString = 1F591CE019B7DEE000FEEF4C;
			remoteInfo = DSG;
		};
/* End PBXContainerItemProxy section */

/* Begin PBXCopyFilesBuildPhase section */
		1F591CE819B7DEF300FEEF4C /* CopyFiles */ = {
			isa = PBXCopyFilesBuildPhase;
			buildActionMask = 2147483647;
			dstPath = /usr/share/man/man1/;
			dstSubfolderSpec = 0;
			files = (
			);
			runOnlyForDeploymentPostprocessing = 1;
		};
		1F591CF519B7DEFC00FEEF4C /* CopyFiles */ = {
			isa = PBXCopyFilesBuildPhase;
			buildActionMask = 2147483647;
			dstPath = /usr/share/man/man1/;
			dstSubfolderSpec = 0;
			files = (
			);
			runOnlyForDeploymentPostprocessing = 1;
		};
/* End PBXCopyFilesBuildPhase section */

/* Begin PBXFileReference section */
		1F52D1D819B80B6E00380A4D /* main.cpp */ = {isa = PBXFileReference; fileEncoding = 4; lastKnownFileType = sourcecode.cpp.cpp; path = main.cpp; sourceTree = "<group>"; };
		1F591CE119B7DEE000FEEF4C /* libDSG.dylib */ = {isa = PBXFileReference; explicitFileType = "compiled.mach-o.dylib"; includeInIndex = 0; path = libDSG.dylib; sourceTree = BUILT_PRODUCTS_DIR; };
		1F591CEA19B7DEF300FEEF4C /* DEBUG */ = {isa = PBXFileReference; explicitFileType = "compiled.mach-o.executable"; includeInIndex = 0; path = DEBUG; sourceTree = BUILT_PRODUCTS_DIR; };
		1F591CF719B7DEFC00FEEF4C /* RELEASE */ = {isa = PBXFileReference; explicitFileType = "compiled.mach-o.executable"; includeInIndex = 0; path = RELEASE; sourceTree = BUILT_PRODUCTS_DIR; };
		1F591CF919B7DEFC00FEEF4C /* main.cpp */ = {isa = PBXFileReference; lastKnownFileType = sourcecode.cpp.cpp; path = main.cpp; sourceTree = "<group>"; };
		1F591D2C19B7DFF600FEEF4C /* BLIT.cpp */ = {isa = PBXFileReference; fileEncoding = 4; lastKnownFileType = sourcecode.cpp.cpp; name = BLIT.cpp; path = ../src/BLIT.cpp; sourceTree = "<group>"; };
		1F591D2D19B7DFF600FEEF4C /* BLITSaw.cpp */ = {isa = PBXFileReference; fileEncoding = 4; lastKnownFileType = sourcecode.cpp.cpp; name = BLITSaw.cpp; path = ../src/BLITSaw.cpp; sourceTree = "<group>"; };
		1F591D2E19B7DFF600FEEF4C /* Buffer.cpp */ = {isa = PBXFileReference; fileEncoding = 4; lastKnownFileType = sourcecode.cpp.cpp; name = Buffer.cpp; path = ../src/Buffer.cpp; sourceTree = "<group>"; };
		1F591D2F19B7DFF600FEEF4C /* FourierGenerator.cpp */ = {isa = PBXFileReference; fileEncoding = 4; lastKnownFileType = sourcecode.cpp.cpp; name = FourierGenerator.cpp; path = ../src/FourierGenerator.cpp; sourceTree = "<group>"; };
		1F591D3019B7DFF600FEEF4C /* Driver.cpp */ = {isa = PBXFileReference; fileEncoding = 4; lastKnownFileType = sourcecode.cpp.cpp; name = Driver.cpp; path = ../src/Driver.cpp; sourceTree = "<group>"; };
		1F591D3119B7DFF600FEEF4C /* HarmonicTable.cpp */ = {isa = PBXFileReference; fileEncoding = 4; lastKnownFileType = sourcecode.cpp.cpp; name = HarmonicTable.cpp; path = ../src/HarmonicTable.cpp; sourceTree = "<group>"; };
		1F591D3219B7DFF600FEEF4C /* RingBuffer.cpp */ = {isa = PBXFileReference; fileEncoding = 4; lastKnownFileType = sourcecode.cpp.cpp; name = RingBuffer.cpp; path = ../src/RingBuffer.cpp; sourceTree = "<group>"; };
		1F591D3319B7DFF600FEEF4C /* Sample_Rate.cpp */ = {isa = PBXFileReference; fileEncoding = 4; lastKnownFileType = sourcecode.cpp.cpp; name = Sample_Rate.cpp; path = ../src/Sample_Rate.cpp; sourceTree = "<group>"; };
		1F591D3419B7DFF600FEEF4C /* Sample.cpp */ = {isa = PBXFileReference; fileEncoding = 4; lastKnownFileType = sourcecode.cpp.cpp; name = Sample.cpp; path = ../src/Sample.cpp; sourceTree = "<group>"; };
		1F591D3519B7DFF600FEEF4C /* Saw.cpp */ = {isa = PBXFileReference; fileEncoding = 4; lastKnownFileType = sourcecode.cpp.cpp; name = Saw.cpp; path = ../src/Saw.cpp; sourceTree = "<group>"; };
		1F591D3619B7DFF600FEEF4C /* SignalGenerator.cpp */ = {isa = PBXFileReference; fileEncoding = 4; lastKnownFileType = sourcecode.cpp.cpp; name = SignalGenerator.cpp; path = ../src/SignalGenerator.cpp; sourceTree = "<group>"; };
		1F591D3719B7DFF600FEEF4C /* SignalProcess.cpp */ = {isa = PBXFileReference; fileEncoding = 4; lastKnownFileType = sourcecode.cpp.cpp; name = SignalProcess.cpp; path = ../src/SignalProcess.cpp; sourceTree = "<group>"; };
		1F591D3819B7DFF600FEEF4C /* Sine.cpp */ = {isa = PBXFileReference; fileEncoding = 4; lastKnownFileType = sourcecode.cpp.cpp; name = Sine.cpp; path = ../src/Sine.cpp; sourceTree = "<group>"; };
		1F591D3919B7DFF600FEEF4C /* Taylor.cpp */ = {isa = PBXFileReference; fileEncoding = 4; lastKnownFileType = sourcecode.cpp.cpp; name = Taylor.cpp; path = ../src/Taylor.cpp; sourceTree = "<group>"; };
		1F591D4819B7E03E00FEEF4C /* libportaudio.dylib */ = {isa = PBXFileReference; lastKnownFileType = "compiled.mach-o.dylib"; name = libportaudio.dylib; path = ../portaudio/19.20111121/lib/libportaudio.dylib; sourceTree = "<group>"; };
		1F591D5019B7E55600FEEF4C /* Backend.h */ = {isa = PBXFileReference; fileEncoding = 4; lastKnownFileType = sourcecode.c.h; name = Backend.h; path = ../src/include/Backend.h; sourceTree = "<group>"; };
		1F591D5119B7E55600FEEF4C /* BLIT.h */ = {isa = PBXFileReference; fileEncoding = 4; lastKnownFileType = sourcecode.c.h; name = BLIT.h; path = ../src/include/BLIT.h; sourceTree = "<group>"; };
		1F591D5219B7E55600FEEF4C /* BLITSaw.h */ = {isa = PBXFileReference; fileEncoding = 4; lastKnownFileType = sourcecode.c.h; name = BLITSaw.h; path = ../src/include/BLITSaw.h; sourceTree = "<group>"; };
		1F591D5319B7E55600FEEF4C /* Buffer.h */ = {isa = PBXFileReference; fileEncoding = 4; lastKnownFileType = sourcecode.c.h; name = Buffer.h; path = ../src/include/Buffer.h; sourceTree = "<group>"; };
		1F591D5419B7E55600FEEF4C /* FourierGenerator.h */ = {isa = PBXFileReference; fileEncoding = 4; lastKnownFileType = sourcecode.c.h; name = FourierGenerator.h; path = ../src/include/FourierGenerator.h; sourceTree = "<group>"; };
		1F591D5519B7E55600FEEF4C /* Driver.h */ = {isa = PBXFileReference; fileEncoding = 4; lastKnownFileType = sourcecode.c.h; name = Driver.h; path = ../src/include/Driver.h; sourceTree = "<group>"; };
		1F591D5619B7E55600FEEF4C /* HarmonicTable.h */ = {isa = PBXFileReference; fileEncoding = 4; lastKnownFileType = sourcecode.c.h; name = HarmonicTable.h; path = ../src/include/HarmonicTable.h; sourceTree = "<group>"; };
		1F591D5719B7E55600FEEF4C /* LUT.h */ = {isa = PBXFileReference; fileEncoding = 4; lastKnownFileType = sourcecode.c.h; name = LUT.h; path = ../src/include/LUT.h; sourceTree = "<group>"; };
		1F591D5819B7E55600FEEF4C /* Oscillators.h */ = {isa = PBXFileReference; fileEncoding = 4; lastKnownFileType = sourcecode.c.h; name = Oscillators.h; path = ../src/include/Oscillators.h; sourceTree = "<group>"; };
		1F591D5919B7E55600FEEF4C /* PI.h */ = {isa = PBXFileReference; fileEncoding = 4; lastKnownFileType = sourcecode.c.h; name = PI.h; path = ../src/include/PI.h; sourceTree = "<group>"; };
		1F591D5A19B7E55600FEEF4C /* Queue.h */ = {isa = PBXFileReference; fileEncoding = 4; lastKnownFileType = sourcecode.c.h; name = Queue.h; path = ../src/include/Queue.h; sourceTree = "<group>"; };
		1F591D5B19B7E55600FEEF4C /* RingBuffer.h */ = {isa = PBXFileReference; fileEncoding = 4; lastKnownFileType = sourcecode.c.h; name = RingBuffer.h; path = ../src/include/RingBuffer.h; sourceTree = "<group>"; };
		1F591D5C19B7E55600FEEF4C /* Sample_Rate.h */ = {isa = PBXFileReference; fileEncoding = 4; lastKnownFileType = sourcecode.c.h; name = Sample_Rate.h; path = ../src/include/Sample_Rate.h; sourceTree = "<group>"; };
		1F591D5D19B7E55600FEEF4C /* Sample.h */ = {isa = PBXFileReference; fileEncoding = 4; lastKnownFileType = sourcecode.c.h; name = Sample.h; path = ../src/include/Sample.h; sourceTree = "<group>"; };
		1F591D5E19B7E55600FEEF4C /* Saw.h */ = {isa = PBXFileReference; fileEncoding = 4; lastKnownFileType = sourcecode.c.h; name = Saw.h; path = ../src/include/Saw.h; sourceTree = "<group>"; };
		1F591D5F19B7E55600FEEF4C /* Signal.h */ = {isa = PBXFileReference; fileEncoding = 4; lastKnownFileType = sourcecode.c.h; name = Signal.h; path = ../src/include/Signal.h; sourceTree = "<group>"; };
		1F591D6019B7E55600FEEF4C /* SignalGenerator.h */ = {isa = PBXFileReference; fileEncoding = 4; lastKnownFileType = sourcecode.c.h; name = SignalGenerator.h; path = ../src/include/SignalGenerator.h; sourceTree = "<group>"; };
		1F591D6119B7E55600FEEF4C /* SignalProcess.h */ = {isa = PBXFileReference; fileEncoding = 4; lastKnownFileType = sourcecode.c.h; name = SignalProcess.h; path = ../src/include/SignalProcess.h; sourceTree = "<group>"; };
		1F591D6219B7E55600FEEF4C /* Sine.h */ = {isa = PBXFileReference; fileEncoding = 4; lastKnownFileType = sourcecode.c.h; name = Sine.h; path = ../src/include/Sine.h; sourceTree = "<group>"; };
		1F591D6319B7E55600FEEF4C /* SineLUT.h */ = {isa = PBXFileReference; fileEncoding = 4; lastKnownFileType = sourcecode.c.h; name = SineLUT.h; path = ../src/include/SineLUT.h; sourceTree = "<group>"; };
		1F591D6419B7E55600FEEF4C /* Taylor.h */ = {isa = PBXFileReference; fileEncoding = 4; lastKnownFileType = sourcecode.c.h; name = Taylor.h; path = ../src/include/Taylor.h; sourceTree = "<group>"; };
		1F591D8019B7F75000FEEF4C /* minBLEP.cpp */ = {isa = PBXFileReference; fileEncoding = 4; lastKnownFileType = sourcecode.cpp.cpp; name = minBLEP.cpp; path = ../src/minBLEP.cpp; sourceTree = "<group>"; };
		1F591D8419B7F77A00FEEF4C /* minBLEP.h */ = {isa = PBXFileReference; fileEncoding = 4; lastKnownFileType = sourcecode.c.h; name = minBLEP.h; path = ../src/include/minBLEP.h; sourceTree = "<group>"; };
		1F591D8619B7F7E700FEEF4C /* polyBLEP.h */ = {isa = PBXFileReference; fileEncoding = 4; lastKnownFileType = sourcecode.c.h; name = polyBLEP.h; path = ../src/include/polyBLEP.h; sourceTree = "<group>"; };
		1F591D8819B7F7FD00FEEF4C /* polyBLEP.cpp */ = {isa = PBXFileReference; fileEncoding = 4; lastKnownFileType = sourcecode.cpp.cpp; name = polyBLEP.cpp; path = ../src/polyBLEP.cpp; sourceTree = "<group>"; };
		1F591D8A19B7F88100FEEF4C /* Square.h */ = {isa = PBXFileReference; fileEncoding = 4; lastKnownFileType = sourcecode.c.h; name = Square.h; path = ../src/include/Square.h; sourceTree = "<group>"; };
		1F591D8C19B7F89D00FEEF4C /* Square.cpp */ = {isa = PBXFileReference; fileEncoding = 4; lastKnownFileType = sourcecode.cpp.cpp; name = Square.cpp; path = ../src/Square.cpp; sourceTree = "<group>"; };
		1F6EEE7019BAE245008215D2 /* Sin.h */ = {isa = PBXFileReference; fileEncoding = 4; lastKnownFileType = sourcecode.c.h; name = Sin.h; path = ../src/include/Sin.h; sourceTree = "<group>"; };
		1FDA1DE319B89CDF00151AA2 /* AnalogGenerator.cpp */ = {isa = PBXFileReference; fileEncoding = 4; lastKnownFileType = sourcecode.cpp.cpp; name = AnalogGenerator.cpp; path = ../src/AnalogGenerator.cpp; sourceTree = "<group>"; };
		1FDA1DE519B89CFF00151AA2 /* AnalogGenerator.h */ = {isa = PBXFileReference; fileEncoding = 4; lastKnownFileType = sourcecode.c.h; name = AnalogGenerator.h; path = ../src/include/AnalogGenerator.h; sourceTree = "<group>"; };
		1FDA1DE819B8A1F900151AA2 /* AnalogSaw.h */ = {isa = PBXFileReference; fileEncoding = 4; lastKnownFileType = sourcecode.c.h; name = AnalogSaw.h; path = ../src/include/AnalogSaw.h; sourceTree = "<group>"; };
		1FDA1DEA19B8A20D00151AA2 /* AnalogSquare.h */ = {isa = PBXFileReference; fileEncoding = 4; lastKnownFileType = sourcecode.c.h; name = AnalogSquare.h; path = ../src/include/AnalogSquare.h; sourceTree = "<group>"; };
		1FDA1DEC19B8A22100151AA2 /* AnalogSaw.cpp */ = {isa = PBXFileReference; fileEncoding = 4; lastKnownFileType = sourcecode.cpp.cpp; name = AnalogSaw.cpp; path = ../src/AnalogSaw.cpp; sourceTree = "<group>"; };
		1FDA1DEE19B8A23F00151AA2 /* AnalogSquare.cpp */ = {isa = PBXFileReference; fileEncoding = 4; lastKnownFileType = sourcecode.cpp.cpp; name = AnalogSquare.cpp; path = ../src/AnalogSquare.cpp; sourceTree = "<group>"; };
		1FEB8BE419BEAC1500C32628 /* Triangle.h */ = {isa = PBXFileReference; lastKnownFileType = sourcecode.c.h; name = Triangle.h; path = ../src/include/Triangle.h; sourceTree = "<group>"; };
		1FEB8BE519BEAC7000C32628 /* Triangle.cpp */ = {isa = PBXFileReference; fileEncoding = 4; lastKnownFileType = sourcecode.cpp.cpp; name = Triangle.cpp; path = ../src/Triangle.cpp; sourceTree = "<group>"; };
/* End PBXFileReference section */

/* Begin PBXFrameworksBuildPhase section */
		1F591CDE19B7DEE000FEEF4C /* Frameworks */ = {
			isa = PBXFrameworksBuildPhase;
			buildActionMask = 2147483647;
			files = (
				1F591D4919B7E03E00FEEF4C /* libportaudio.dylib in Frameworks */,
			);
			runOnlyForDeploymentPostprocessing = 0;
		};
		1F591CE719B7DEF300FEEF4C /* Frameworks */ = {
			isa = PBXFrameworksBuildPhase;
			buildActionMask = 2147483647;
			files = (
				1F591D4A19B7E23800FEEF4C /* libDSG.dylib in Frameworks */,
			);
			runOnlyForDeploymentPostprocessing = 0;
		};
		1F591CF419B7DEFC00FEEF4C /* Frameworks */ = {
			isa = PBXFrameworksBuildPhase;
			buildActionMask = 2147483647;
			files = (
				1F591D4B19B7E23C00FEEF4C /* libDSG.dylib in Frameworks */,
			);
			runOnlyForDeploymentPostprocessing = 0;
		};
/* End PBXFrameworksBuildPhase section */

/* Begin PBXGroup section */
		1F591CD619B7DEAF00FEEF4C = {
			isa = PBXGroup;
			children = (
				1F591D4819B7E03E00FEEF4C /* libportaudio.dylib */,
				1F591D2B19B7DFE400FEEF4C /* SOURCE */,
				1F591D0019B7DFA800FEEF4C /* INCLUDE */,
				1F591CEB19B7DEF300FEEF4C /* DEBUG */,
				1F591CF819B7DEFC00FEEF4C /* RELEASE */,
				1F591CE219B7DEE000FEEF4C /* Products */,
			);
			sourceTree = "<group>";
		};
		1F591CE219B7DEE000FEEF4C /* Products */ = {
			isa = PBXGroup;
			children = (
				1F591CE119B7DEE000FEEF4C /* libDSG.dylib */,
				1F591CEA19B7DEF300FEEF4C /* DEBUG */,
				1F591CF719B7DEFC00FEEF4C /* RELEASE */,
			);
			name = Products;
			sourceTree = "<group>";
		};
		1F591CEB19B7DEF300FEEF4C /* DEBUG */ = {
			isa = PBXGroup;
			children = (
				1F52D1D819B80B6E00380A4D /* main.cpp */,
			);
			path = DEBUG;
			sourceTree = "<group>";
		};
		1F591CF819B7DEFC00FEEF4C /* RELEASE */ = {
			isa = PBXGroup;
			children = (
				1F591CF919B7DEFC00FEEF4C /* main.cpp */,
			);
			path = RELEASE;
			sourceTree = "<group>";
		};
		1F591D0019B7DFA800FEEF4C /* INCLUDE */ = {
			isa = PBXGroup;
			children = (
				1F591D5019B7E55600FEEF4C /* Backend.h */,
				1F591D7B19B7F2D500FEEF4C /* Generators */,
				1F591D5319B7E55600FEEF4C /* Buffer.h */,
				1F591D7A19B7F2BD00FEEF4C /* Base */,
				1F591D5519B7E55600FEEF4C /* Driver.h */,
				1F591D5619B7E55600FEEF4C /* HarmonicTable.h */,
				1F591D5719B7E55600FEEF4C /* LUT.h */,
				1F591D5919B7E55600FEEF4C /* PI.h */,
				1F591D5A19B7E55600FEEF4C /* Queue.h */,
				1F591D5B19B7E55600FEEF4C /* RingBuffer.h */,
				1F591D5C19B7E55600FEEF4C /* Sample_Rate.h */,
				1F591D5D19B7E55600FEEF4C /* Sample.h */,
				1F591D5F19B7E55600FEEF4C /* Signal.h */,
				1F591D6319B7E55600FEEF4C /* SineLUT.h */,
				1F591D6419B7E55600FEEF4C /* Taylor.h */,
				1F6EEE7019BAE245008215D2 /* Sin.h */,
			);
			name = INCLUDE;
			sourceTree = "<group>";
		};
		1F591D2B19B7DFE400FEEF4C /* SOURCE */ = {
			isa = PBXGroup;
			children = (
				1F591D8019B7F75000FEEF4C /* minBLEP.cpp */,
				1F591D2C19B7DFF600FEEF4C /* BLIT.cpp */,
				1F591D2D19B7DFF600FEEF4C /* BLITSaw.cpp */,
				1F591D2E19B7DFF600FEEF4C /* Buffer.cpp */,
				1F591D2F19B7DFF600FEEF4C /* FourierGenerator.cpp */,
				1F591D3019B7DFF600FEEF4C /* Driver.cpp */,
				1F591D3119B7DFF600FEEF4C /* HarmonicTable.cpp */,
				1F591D3219B7DFF600FEEF4C /* RingBuffer.cpp */,
				1F591D3319B7DFF600FEEF4C /* Sample_Rate.cpp */,
				1F591D3419B7DFF600FEEF4C /* Sample.cpp */,
				1F591D3519B7DFF600FEEF4C /* Saw.cpp */,
				1F591D3619B7DFF600FEEF4C /* SignalGenerator.cpp */,
				1F591D3719B7DFF600FEEF4C /* SignalProcess.cpp */,
				1F591D3819B7DFF600FEEF4C /* Sine.cpp */,
				1F591D3919B7DFF600FEEF4C /* Taylor.cpp */,
				1F591D8819B7F7FD00FEEF4C /* polyBLEP.cpp */,
				1F591D8C19B7F89D00FEEF4C /* Square.cpp */,
				1FDA1DE319B89CDF00151AA2 /* AnalogGenerator.cpp */,
				1FDA1DEC19B8A22100151AA2 /* AnalogSaw.cpp */,
				1FDA1DEE19B8A23F00151AA2 /* AnalogSquare.cpp */,
				1FEB8BE519BEAC7000C32628 /* Triangle.cpp */,
			);
			name = SOURCE;
			sourceTree = "<group>";
		};
		1F591D7A19B7F2BD00FEEF4C /* Base */ = {
			isa = PBXGroup;
			children = (
				1F591D5419B7E55600FEEF4C /* FourierGenerator.h */,
				1F591D6019B7E55600FEEF4C /* SignalGenerator.h */,
				1F591D6119B7E55600FEEF4C /* SignalProcess.h */,
				1FDA1DE519B89CFF00151AA2 /* AnalogGenerator.h */,
			);
			name = Base;
			sourceTree = "<group>";
		};
		1F591D7B19B7F2D500FEEF4C /* Generators */ = {
			isa = PBXGroup;
			children = (
				1FDA1DE719B8A1C100151AA2 /* Trivial */,
				1F591D5819B7E55600FEEF4C /* Oscillators.h */,
				1F591D7F19B7F6CC00FEEF4C /* polyBLEP */,
				1F591D7E19B7F6C500FEEF4C /* minBLEP */,
				1F591D7D19B7F6BC00FEEF4C /* BLIT */,
				1F591D7C19B7F6B300FEEF4C /* Harmonic */,
			);
			name = Generators;
			sourceTree = "<group>";
		};
		1F591D7C19B7F6B300FEEF4C /* Harmonic */ = {
			isa = PBXGroup;
			children = (
				1F591D5E19B7E55600FEEF4C /* Saw.h */,
				1F591D6219B7E55600FEEF4C /* Sine.h */,
				1F591D8A19B7F88100FEEF4C /* Square.h */,
				1FEB8BE419BEAC1500C32628 /* Triangle.h */,
			);
			name = Harmonic;
			sourceTree = "<group>";
		};
		1F591D7D19B7F6BC00FEEF4C /* BLIT */ = {
			isa = PBXGroup;
			children = (
				1F591D5119B7E55600FEEF4C /* BLIT.h */,
				1F591D5219B7E55600FEEF4C /* BLITSaw.h */,
			);
			name = BLIT;
			sourceTree = "<group>";
		};
		1F591D7E19B7F6C500FEEF4C /* minBLEP */ = {
			isa = PBXGroup;
			children = (
				1F591D8419B7F77A00FEEF4C /* minBLEP.h */,
			);
			name = minBLEP;
			sourceTree = "<group>";
		};
		1F591D7F19B7F6CC00FEEF4C /* polyBLEP */ = {
			isa = PBXGroup;
			children = (
				1F591D8619B7F7E700FEEF4C /* polyBLEP.h */,
			);
			name = polyBLEP;
			sourceTree = "<group>";
		};
		1FDA1DE719B8A1C100151AA2 /* Trivial */ = {
			isa = PBXGroup;
			children = (
				1FDA1DE819B8A1F900151AA2 /* AnalogSaw.h */,
				1FDA1DEA19B8A20D00151AA2 /* AnalogSquare.h */,
			);
			name = Trivial;
			sourceTree = "<group>";
		};
/* End PBXGroup section */

/* Begin PBXHeadersBuildPhase section */
		1F591CDF19B7DEE000FEEF4C /* Headers */ = {
			isa = PBXHeadersBuildPhase;
			buildActionMask = 2147483647;
			files = (
				1F591D7719B7E55600FEEF4C /* Sine.h in Headers */,
				1F591D6C19B7E55600FEEF4C /* LUT.h in Headers */,
				1F591D6E19B7E55600FEEF4C /* PI.h in Headers */,
				1F591D7819B7E55600FEEF4C /* SineLUT.h in Headers */,
				1F591D7219B7E55600FEEF4C /* Sample.h in Headers */,
				1F6EEE7119BAE245008215D2 /* Sin.h in Headers */,
				1F591D7319B7E55600FEEF4C /* Saw.h in Headers */,
				1F591D7619B7E55600FEEF4C /* SignalProcess.h in Headers */,
				1FEB8BE719BEB1FC00C32628 /* Triangle.h in Headers */,
				1F591D6A19B7E55600FEEF4C /* Driver.h in Headers */,
				1F591D6819B7E55600FEEF4C /* Buffer.h in Headers */,
				1F591D7019B7E55600FEEF4C /* RingBuffer.h in Headers */,
				1F591D6519B7E55600FEEF4C /* Backend.h in Headers */,
				1F591D6919B7E55600FEEF4C /* FourierGenerator.h in Headers */,
				1FDA1DE919B8A1F900151AA2 /* AnalogSaw.h in Headers */,
				1F591D8519B7F77A00FEEF4C /* minBLEP.h in Headers */,
				1F591D6D19B7E55600FEEF4C /* Oscillators.h in Headers */,
				1F591D6719B7E55600FEEF4C /* BLITSaw.h in Headers */,
				1F591D6619B7E55600FEEF4C /* BLIT.h in Headers */,
				1F591D7419B7E55600FEEF4C /* Signal.h in Headers */,
				1F591D7519B7E55600FEEF4C /* SignalGenerator.h in Headers */,
				1FDA1DEB19B8A20D00151AA2 /* AnalogSquare.h in Headers */,
				1FDA1DE619B89CFF00151AA2 /* AnalogGenerator.h in Headers */,
				1F591D8719B7F7E700FEEF4C /* polyBLEP.h in Headers */,
				1F591D6F19B7E55600FEEF4C /* Queue.h in Headers */,
				1F591D7119B7E55600FEEF4C /* Sample_Rate.h in Headers */,
				1F591D7919B7E55600FEEF4C /* Taylor.h in Headers */,
				1F591D6B19B7E55600FEEF4C /* HarmonicTable.h in Headers */,
				1F591D8B19B7F88100FEEF4C /* Square.h in Headers */,
			);
			runOnlyForDeploymentPostprocessing = 0;
		};
/* End PBXHeadersBuildPhase section */

/* Begin PBXNativeTarget section */
		1F591CE019B7DEE000FEEF4C /* DSG */ = {
			isa = PBXNativeTarget;
			buildConfigurationList = 1F591CE319B7DEE000FEEF4C /* Build configuration list for PBXNativeTarget "DSG" */;
			buildPhases = (
				1F591CDD19B7DEE000FEEF4C /* Sources */,
				1F591CDE19B7DEE000FEEF4C /* Frameworks */,
				1F591CDF19B7DEE000FEEF4C /* Headers */,
			);
			buildRules = (
			);
			dependencies = (
			);
			name = DSG;
			productName = DSG;
			productReference = 1F591CE119B7DEE000FEEF4C /* libDSG.dylib */;
			productType = "com.apple.product-type.library.dynamic";
		};
		1F591CE919B7DEF300FEEF4C /* DEBUG */ = {
			isa = PBXNativeTarget;
			buildConfigurationList = 1F591CF019B7DEF300FEEF4C /* Build configuration list for PBXNativeTarget "DEBUG" */;
			buildPhases = (
				1F591CE619B7DEF300FEEF4C /* Sources */,
				1F591CE719B7DEF300FEEF4C /* Frameworks */,
				1F591CE819B7DEF300FEEF4C /* CopyFiles */,
			);
			buildRules = (
			);
			dependencies = (
				1F591D4F19B7E24500FEEF4C /* PBXTargetDependency */,
			);
			name = DEBUG;
			productName = DEBUG;
			productReference = 1F591CEA19B7DEF300FEEF4C /* DEBUG */;
			productType = "com.apple.product-type.tool";
		};
		1F591CF619B7DEFC00FEEF4C /* RELEASE */ = {
			isa = PBXNativeTarget;
			buildConfigurationList = 1F591CFD19B7DEFC00FEEF4C /* Build configuration list for PBXNativeTarget "RELEASE" */;
			buildPhases = (
				1F591CF319B7DEFC00FEEF4C /* Sources */,
				1F591CF419B7DEFC00FEEF4C /* Frameworks */,
				1F591CF519B7DEFC00FEEF4C /* CopyFiles */,
			);
			buildRules = (
			);
			dependencies = (
				1F591D4D19B7E24100FEEF4C /* PBXTargetDependency */,
			);
			name = RELEASE;
			productName = RELEASE;
			productReference = 1F591CF719B7DEFC00FEEF4C /* RELEASE */;
			productType = "com.apple.product-type.tool";
		};
/* End PBXNativeTarget section */

/* Begin PBXProject section */
		1F591CD719B7DEAF00FEEF4C /* Project object */ = {
			isa = PBXProject;
			attributes = {
				LastUpgradeCheck = 0510;
			};
			buildConfigurationList = 1F591CDA19B7DEAF00FEEF4C /* Build configuration list for PBXProject "Digital Signal Generation and Analysis" */;
			compatibilityVersion = "Xcode 3.2";
			developmentRegion = English;
			hasScannedForEncodings = 0;
			knownRegions = (
				en,
			);
			mainGroup = 1F591CD619B7DEAF00FEEF4C;
			productRefGroup = 1F591CE219B7DEE000FEEF4C /* Products */;
			projectDirPath = "";
			projectRoot = "";
			targets = (
				1F591CE019B7DEE000FEEF4C /* DSG */,
				1F591CE919B7DEF300FEEF4C /* DEBUG */,
				1F591CF619B7DEFC00FEEF4C /* RELEASE */,
			);
		};
/* End PBXProject section */

/* Begin PBXSourcesBuildPhase section */
		1F591CDD19B7DEE000FEEF4C /* Sources */ = {
			isa = PBXSourcesBuildPhase;
			buildActionMask = 2147483647;
			files = (
				1F591D4219B7DFF600FEEF4C /* Sample.cpp in Sources */,
				1F591D4419B7DFF600FEEF4C /* SignalGenerator.cpp in Sources */,
				1FDA1DEF19B8A23F00151AA2 /* AnalogSquare.cpp in Sources */,
				1F591D3B19B7DFF600FEEF4C /* BLITSaw.cpp in Sources */,
				1F591D8D19B7F89D00FEEF4C /* Square.cpp in Sources */,
				1F591D3F19B7DFF600FEEF4C /* HarmonicTable.cpp in Sources */,
				1F591D8919B7F7FD00FEEF4C /* polyBLEP.cpp in Sources */,
				1F591D3C19B7DFF600FEEF4C /* Buffer.cpp in Sources */,
				1F591D4019B7DFF600FEEF4C /* RingBuffer.cpp in Sources */,
				1F591D8219B7F75000FEEF4C /* minBLEP.cpp in Sources */,
				1FEB8BE619BEAC7000C32628 /* Triangle.cpp in Sources */,
				1FDA1DED19B8A22100151AA2 /* AnalogSaw.cpp in Sources */,
				1F591D4719B7DFF600FEEF4C /* Taylor.cpp in Sources */,
				1F591D4619B7DFF600FEEF4C /* Sine.cpp in Sources */,
				1F591D4319B7DFF600FEEF4C /* Saw.cpp in Sources */,
				1F591D3D19B7DFF600FEEF4C /* FourierGenerator.cpp in Sources */,
				1F591D4119B7DFF600FEEF4C /* Sample_Rate.cpp in Sources */,
				1F591D3A19B7DFF600FEEF4C /* BLIT.cpp in Sources */,
				1FDA1DE419B89CDF00151AA2 /* AnalogGenerator.cpp in Sources */,
				1F591D3E19B7DFF600FEEF4C /* Driver.cpp in Sources */,
				1F591D4519B7DFF600FEEF4C /* SignalProcess.cpp in Sources */,
			);
			runOnlyForDeploymentPostprocessing = 0;
		};
		1F591CE619B7DEF300FEEF4C /* Sources */ = {
			isa = PBXSourcesBuildPhase;
			buildActionMask = 2147483647;
			files = (
				1F52D1D919B80B6E00380A4D /* main.cpp in Sources */,
			);
			runOnlyForDeploymentPostprocessing = 0;
		};
		1F591CF319B7DEFC00FEEF4C /* Sources */ = {
			isa = PBXSourcesBuildPhase;
			buildActionMask = 2147483647;
			files = (
				1F591CFA19B7DEFC00FEEF4C /* main.cpp in Sources */,
			);
			runOnlyForDeploymentPostprocessing = 0;
		};
/* End PBXSourcesBuildPhase section */

/* Begin PBXTargetDependency section */
		1F591D4D19B7E24100FEEF4C /* PBXTargetDependency */ = {
			isa = PBXTargetDependency;
			target = 1F591CE019B7DEE000FEEF4C /* DSG */;
			targetProxy = 1F591D4C19B7E24100FEEF4C /* PBXContainerItemProxy */;
		};
		1F591D4F19B7E24500FEEF4C /* PBXTargetDependency */ = {
			isa = PBXTargetDependency;
			target = 1F591CE019B7DEE000FEEF4C /* DSG */;
			targetProxy = 1F591D4E19B7E24500FEEF4C /* PBXContainerItemProxy */;
		};
/* End PBXTargetDependency section */

/* Begin XCBuildConfiguration section */
		1F591CDB19B7DEAF00FEEF4C /* Debug */ = {
			isa = XCBuildConfiguration;
			buildSettings = {
				HEADER_SEARCH_PATHS = "$(inherited)";
				INSTALL_PATH = "~/Users/alexanderzywicki/Documents/School_Stuff/Fall_2014/Digital_Signal_Generation_and_Analysis/build";
				SYMROOT = build;
			};
			name = Debug;
		};
		1F591CDC19B7DEAF00FEEF4C /* Release */ = {
			isa = XCBuildConfiguration;
			buildSettings = {
				HEADER_SEARCH_PATHS = "$(inherited)";
				INSTALL_PATH = "~/Users/alexanderzywicki/Documents/School_Stuff/Fall_2014/Digital_Signal_Generation_and_Analysis/build";
				SYMROOT = build;
			};
			name = Release;
		};
		1F591CE419B7DEE000FEEF4C /* Debug */ = {
			isa = XCBuildConfiguration;
			buildSettings = {
				ALWAYS_SEARCH_USER_PATHS = NO;
				CLANG_CXX_LANGUAGE_STANDARD = "gnu++0x";
				CLANG_CXX_LIBRARY = "libc++";
				CLANG_ENABLE_MODULES = YES;
				CLANG_ENABLE_OBJC_ARC = YES;
				CLANG_WARN_BOOL_CONVERSION = YES;
				CLANG_WARN_CONSTANT_CONVERSION = YES;
				CLANG_WARN_DIRECT_OBJC_ISA_USAGE = YES_ERROR;
				CLANG_WARN_EMPTY_BODY = YES;
				CLANG_WARN_ENUM_CONVERSION = YES;
				CLANG_WARN_INT_CONVERSION = YES;
				CLANG_WARN_OBJC_ROOT_CLASS = YES_ERROR;
				CLANG_WARN__DUPLICATE_METHOD_MATCH = YES;
				COPY_PHASE_STRIP = NO;
				EXECUTABLE_PREFIX = lib;
				GCC_C_LANGUAGE_STANDARD = gnu99;
				GCC_DYNAMIC_NO_PIC = NO;
				GCC_ENABLE_OBJC_EXCEPTIONS = YES;
				GCC_OPTIMIZATION_LEVEL = 0;
				GCC_PREPROCESSOR_DEFINITIONS = (
					"DEBUG=1",
					"$(inherited)",
				);
				GCC_SYMBOLS_PRIVATE_EXTERN = NO;
				GCC_WARN_64_TO_32_BIT_CONVERSION = YES;
				GCC_WARN_ABOUT_RETURN_TYPE = YES_ERROR;
				GCC_WARN_UNDECLARED_SELECTOR = YES;
				GCC_WARN_UNINITIALIZED_AUTOS = YES_AGGRESSIVE;
				GCC_WARN_UNUSED_FUNCTION = YES;
				GCC_WARN_UNUSED_VARIABLE = YES;
				HEADER_SEARCH_PATHS = (
					"$(inherited)",
					"/Users/alexanderzywicki/Documents/School_Stuff/Fall_2014/Digital_Signal_Generation_and_Analysis/portaudio/19.20111121/include/**",
					/Applications/Xcode.app/Contents/Developer/Toolchains/XcodeDefault.xctoolchain/usr/include,
				);
				LIBRARY_SEARCH_PATHS = (
					"$(inherited)",
					/Users/alexanderzywicki/Documents/School_Stuff/Fall_2014/Digital_Signal_Generation_and_Analysis/portaudio/19.20111121/lib,
				);
				MACOSX_DEPLOYMENT_TARGET = 10.9;
				ONLY_ACTIVE_ARCH = YES;
				PRODUCT_NAME = "$(TARGET_NAME)";
				SDKROOT = macosx;
			};
			name = Debug;
		};
		1F591CE519B7DEE000FEEF4C /* Release */ = {
			isa = XCBuildConfiguration;
			buildSettings = {
				ALWAYS_SEARCH_USER_PATHS = NO;
				CLANG_CXX_LANGUAGE_STANDARD = "gnu++0x";
				CLANG_CXX_LIBRARY = "libc++";
				CLANG_ENABLE_MODULES = YES;
				CLANG_ENABLE_OBJC_ARC = YES;
				CLANG_WARN_BOOL_CONVERSION = YES;
				CLANG_WARN_CONSTANT_CONVERSION = YES;
				CLANG_WARN_DIRECT_OBJC_ISA_USAGE = YES_ERROR;
				CLANG_WARN_EMPTY_BODY = YES;
				CLANG_WARN_ENUM_CONVERSION = YES;
				CLANG_WARN_INT_CONVERSION = YES;
				CLANG_WARN_OBJC_ROOT_CLASS = YES_ERROR;
				CLANG_WARN__DUPLICATE_METHOD_MATCH = YES;
				COPY_PHASE_STRIP = YES;
				DEBUG_INFORMATION_FORMAT = "dwarf-with-dsym";
				ENABLE_NS_ASSERTIONS = NO;
				EXECUTABLE_PREFIX = lib;
				GCC_C_LANGUAGE_STANDARD = gnu99;
				GCC_ENABLE_OBJC_EXCEPTIONS = YES;
				GCC_WARN_64_TO_32_BIT_CONVERSION = YES;
				GCC_WARN_ABOUT_RETURN_TYPE = YES_ERROR;
				GCC_WARN_UNDECLARED_SELECTOR = YES;
				GCC_WARN_UNINITIALIZED_AUTOS = YES_AGGRESSIVE;
				GCC_WARN_UNUSED_FUNCTION = YES;
				GCC_WARN_UNUSED_VARIABLE = YES;
				HEADER_SEARCH_PATHS = (
					"$(inherited)",
					"/Users/alexanderzywicki/Documents/School_Stuff/Fall_2014/Digital_Signal_Generation_and_Analysis/portaudio/19.20111121/include/**",
					/Applications/Xcode.app/Contents/Developer/Toolchains/XcodeDefault.xctoolchain/usr/include,
				);
				LIBRARY_SEARCH_PATHS = (
					"$(inherited)",
					/Users/alexanderzywicki/Documents/School_Stuff/Fall_2014/Digital_Signal_Generation_and_Analysis/portaudio/19.20111121/lib,
				);
				MACOSX_DEPLOYMENT_TARGET = 10.9;
				PRODUCT_NAME = "$(TARGET_NAME)";
				SDKROOT = macosx;
			};
			name = Release;
		};
		1F591CF119B7DEF300FEEF4C /* Debug */ = {
			isa = XCBuildConfiguration;
			buildSettings = {
				ALWAYS_SEARCH_USER_PATHS = NO;
				CLANG_CXX_LANGUAGE_STANDARD = "gnu++0x";
				CLANG_CXX_LIBRARY = "libc++";
				CLANG_ENABLE_MODULES = YES;
				CLANG_ENABLE_OBJC_ARC = YES;
				CLANG_WARN_BOOL_CONVERSION = YES;
				CLANG_WARN_CONSTANT_CONVERSION = YES;
				CLANG_WARN_DIRECT_OBJC_ISA_USAGE = YES_ERROR;
				CLANG_WARN_EMPTY_BODY = YES;
				CLANG_WARN_ENUM_CONVERSION = YES;
				CLANG_WARN_INT_CONVERSION = YES;
				CLANG_WARN_OBJC_ROOT_CLASS = YES_ERROR;
				CLANG_WARN__DUPLICATE_METHOD_MATCH = YES;
				COPY_PHASE_STRIP = NO;
				GCC_C_LANGUAGE_STANDARD = gnu99;
				GCC_DYNAMIC_NO_PIC = NO;
				GCC_ENABLE_OBJC_EXCEPTIONS = YES;
				GCC_OPTIMIZATION_LEVEL = 0;
				GCC_PREPROCESSOR_DEFINITIONS = (
					"DEBUG=1",
					"$(inherited)",
				);
				GCC_SYMBOLS_PRIVATE_EXTERN = NO;
				GCC_WARN_64_TO_32_BIT_CONVERSION = YES;
				GCC_WARN_ABOUT_RETURN_TYPE = YES_ERROR;
				GCC_WARN_UNDECLARED_SELECTOR = YES;
				GCC_WARN_UNINITIALIZED_AUTOS = YES_AGGRESSIVE;
				GCC_WARN_UNUSED_FUNCTION = YES;
				GCC_WARN_UNUSED_VARIABLE = YES;
				HEADER_SEARCH_PATHS = (
					"$(inherited)",
					/Users/alexanderzywicki/Documents/School_Stuff/Fall_2014/Digital_Signal_Generation_and_Analysis/portaudio/19.20111121/include,
				);
				MACOSX_DEPLOYMENT_TARGET = 10.9;
				ONLY_ACTIVE_ARCH = YES;
				PRODUCT_NAME = "$(TARGET_NAME)";
				SDKROOT = macosx;
			};
			name = Debug;
		};
		1F591CF219B7DEF300FEEF4C /* Release */ = {
			isa = XCBuildConfiguration;
			buildSettings = {
				ALWAYS_SEARCH_USER_PATHS = NO;
				CLANG_CXX_LANGUAGE_STANDARD = "gnu++0x";
				CLANG_CXX_LIBRARY = "libc++";
				CLANG_ENABLE_MODULES = YES;
				CLANG_ENABLE_OBJC_ARC = YES;
				CLANG_WARN_BOOL_CONVERSION = YES;
				CLANG_WARN_CONSTANT_CONVERSION = YES;
				CLANG_WARN_DIRECT_OBJC_ISA_USAGE = YES_ERROR;
				CLANG_WARN_EMPTY_BODY = YES;
				CLANG_WARN_ENUM_CONVERSION = YES;
				CLANG_WARN_INT_CONVERSION = YES;
				CLANG_WARN_OBJC_ROOT_CLASS = YES_ERROR;
				CLANG_WARN__DUPLICATE_METHOD_MATCH = YES;
				COPY_PHASE_STRIP = YES;
				DEBUG_INFORMATION_FORMAT = "dwarf-with-dsym";
				ENABLE_NS_ASSERTIONS = NO;
				GCC_C_LANGUAGE_STANDARD = gnu99;
				GCC_ENABLE_OBJC_EXCEPTIONS = YES;
				GCC_WARN_64_TO_32_BIT_CONVERSION = YES;
				GCC_WARN_ABOUT_RETURN_TYPE = YES_ERROR;
				GCC_WARN_UNDECLARED_SELECTOR = YES;
				GCC_WARN_UNINITIALIZED_AUTOS = YES_AGGRESSIVE;
				GCC_WARN_UNUSED_FUNCTION = YES;
				GCC_WARN_UNUSED_VARIABLE = YES;
				HEADER_SEARCH_PATHS = (
					"$(inherited)",
					/Users/alexanderzywicki/Documents/School_Stuff/Fall_2014/Digital_Signal_Generation_and_Analysis/portaudio/19.20111121/include,
				);
				MACOSX_DEPLOYMENT_TARGET = 10.9;
				PRODUCT_NAME = "$(TARGET_NAME)";
				SDKROOT = macosx;
			};
			name = Release;
		};
		1F591CFE19B7DEFC00FEEF4C /* Debug */ = {
			isa = XCBuildConfiguration;
			buildSettings = {
				ALWAYS_SEARCH_USER_PATHS = NO;
				CLANG_CXX_LANGUAGE_STANDARD = "gnu++0x";
				CLANG_CXX_LIBRARY = "libc++";
				CLANG_ENABLE_MODULES = YES;
				CLANG_ENABLE_OBJC_ARC = YES;
				CLANG_WARN_BOOL_CONVERSION = YES;
				CLANG_WARN_CONSTANT_CONVERSION = YES;
				CLANG_WARN_DIRECT_OBJC_ISA_USAGE = YES_ERROR;
				CLANG_WARN_EMPTY_BODY = YES;
				CLANG_WARN_ENUM_CONVERSION = YES;
				CLANG_WARN_INT_CONVERSION = YES;
				CLANG_WARN_OBJC_ROOT_CLASS = YES_ERROR;
				CLANG_WARN__DUPLICATE_METHOD_MATCH = YES;
				COPY_PHASE_STRIP = NO;
				GCC_C_LANGUAGE_STANDARD = gnu99;
				GCC_DYNAMIC_NO_PIC = NO;
				GCC_ENABLE_OBJC_EXCEPTIONS = YES;
				GCC_OPTIMIZATION_LEVEL = 0;
				GCC_PREPROCESSOR_DEFINITIONS = (
					"DEBUG=1",
					"$(inherited)",
				);
				GCC_SYMBOLS_PRIVATE_EXTERN = NO;
				GCC_WARN_64_TO_32_BIT_CONVERSION = YES;
				GCC_WARN_ABOUT_RETURN_TYPE = YES_ERROR;
				GCC_WARN_UNDECLARED_SELECTOR = YES;
				GCC_WARN_UNINITIALIZED_AUTOS = YES_AGGRESSIVE;
				GCC_WARN_UNUSED_FUNCTION = YES;
				GCC_WARN_UNUSED_VARIABLE = YES;
				HEADER_SEARCH_PATHS = (
					"$(inherited)",
					/Users/alexanderzywicki/Documents/School_Stuff/Fall_2014/Digital_Signal_Generation_and_Analysis/portaudio/19.20111121/include,
				);
				MACOSX_DEPLOYMENT_TARGET = 10.9;
				ONLY_ACTIVE_ARCH = YES;
				PRODUCT_NAME = "$(TARGET_NAME)";
				SDKROOT = macosx;
			};
			name = Debug;
		};
		1F591CFF19B7DEFC00FEEF4C /* Release */ = {
			isa = XCBuildConfiguration;
			buildSettings = {
				ALWAYS_SEARCH_USER_PATHS = NO;
				CLANG_CXX_LANGUAGE_STANDARD = "gnu++0x";
				CLANG_CXX_LIBRARY = "libc++";
				CLANG_ENABLE_MODULES = YES;
				CLANG_ENABLE_OBJC_ARC = YES;
				CLANG_WARN_BOOL_CONVERSION = YES;
				CLANG_WARN_CONSTANT_CONVERSION = YES;
				CLANG_WARN_DIRECT_OBJC_ISA_USAGE = YES_ERROR;
				CLANG_WARN_EMPTY_BODY = YES;
				CLANG_WARN_ENUM_CONVERSION = YES;
				CLANG_WARN_INT_CONVERSION = YES;
				CLANG_WARN_OBJC_ROOT_CLASS = YES_ERROR;
				CLANG_WARN__DUPLICATE_METHOD_MATCH = YES;
				COPY_PHASE_STRIP = YES;
				DEBUG_INFORMATION_FORMAT = "dwarf-with-dsym";
				ENABLE_NS_ASSERTIONS = NO;
				GCC_C_LANGUAGE_STANDARD = gnu99;
				GCC_ENABLE_OBJC_EXCEPTIONS = YES;
				GCC_WARN_64_TO_32_BIT_CONVERSION = YES;
				GCC_WARN_ABOUT_RETURN_TYPE = YES_ERROR;
				GCC_WARN_UNDECLARED_SELECTOR = YES;
				GCC_WARN_UNINITIALIZED_AUTOS = YES_AGGRESSIVE;
				GCC_WARN_UNUSED_FUNCTION = YES;
				GCC_WARN_UNUSED_VARIABLE = YES;
				HEADER_SEARCH_PATHS = (
					"$(inherited)",
					/Users/alexanderzywicki/Documents/School_Stuff/Fall_2014/Digital_Signal_Generation_and_Analysis/portaudio/19.20111121/include,
				);
				MACOSX_DEPLOYMENT_TARGET = 10.9;
				PRODUCT_NAME = "$(TARGET_NAME)";
				SDKROOT = macosx;
			};
			name = Release;
		};
/* End XCBuildConfiguration section */

/* Begin XCConfigurationList section */
		1F591CDA19B7DEAF00FEEF4C /* Build configuration list for PBXProject "Digital Signal Generation and Analysis" */ = {
			isa = XCConfigurationList;
			buildConfigurations = (
				1F591CDB19B7DEAF00FEEF4C /* Debug */,
				1F591CDC19B7DEAF00FEEF4C /* Release */,
			);
			defaultConfigurationIsVisible = 0;
			defaultConfigurationName = Release;
		};
		1F591CE319B7DEE000FEEF4C /* Build configuration list for PBXNativeTarget "DSG" */ = {
			isa = XCConfigurationList;
			buildConfigurations = (
				1F591CE419B7DEE000FEEF4C /* Debug */,
				1F591CE519B7DEE000FEEF4C /* Release */,
			);
			defaultConfigurationIsVisible = 0;
			defaultConfigurationName = Release;
		};
		1F591CF019B7DEF300FEEF4C /* Build configuration list for PBXNativeTarget "DEBUG" */ = {
			isa = XCConfigurationList;
			buildConfigurations = (
				1F591CF119B7DEF300FEEF4C /* Debug */,
				1F591CF219B7DEF300FEEF4C /* Release */,
			);
			defaultConfigurationIsVisible = 0;
			defaultConfigurationName = Release;
		};
		1F591CFD19B7DEFC00FEEF4C /* Build configuration list for PBXNativeTarget "RELEASE" */ = {
			isa = XCConfigurationList;
			buildConfigurations = (
				1F591CFE19B7DEFC00FEEF4C /* Debug */,
				1F591CFF19B7DEFC00FEEF4C /* Release */,
			);
			defaultConfigurationIsVisible = 0;
			defaultConfigurationName = Release;
		};
/* End XCConfigurationList section */
	};
	rootObject = 1F591CD719B7DEAF00FEEF4C /* Project object */;
}
